
Microsoft Visual Studio Solution File, Format Version 12.00
# Visual Studio Version 16
VisualStudioVersion = 16.0.29709.97
MinimumVisualStudioVersion = 10.0.40219.1
Project("{9A19103F-16F7-4668-BE54-9A1E7A4F7556}") = "DapperCRUD", "DapperCRUD.csproj", "{F816E19D-3C3C-4559-89C3-4E101D87E0A1}"
EndProject
Global
	GlobalSection(SolutionConfigurationPlatforms) = preSolution
		Debug|Any CPU = Debug|Any CPU
		Release|Any CPU = Release|Any CPU
	EndGlobalSection
	GlobalSection(ProjectConfigurationPlatforms) = postSolution
		{F816E19D-3C3C-4559-89C3-4E101D87E0A1}.Debug|Any CPU.ActiveCfg = Debug|Any CPU
		{F816E19D-3C3C-4559-89C3-4E101D87E0A1}.Debug|Any CPU.Build.0 = Debug|Any CPU
		{F816E19D-3C3C-4559-89C3-4E101D87E0A1}.Release|Any CPU.ActiveCfg = Release|Any CPU
		{F816E19D-3C3C-4559-89C3-4E101D87E0A1}.Release|Any CPU.Build.0 = Release|Any CPU
	EndGlobalSection
	GlobalSection(SolutionProperties) = preSolution
		HideSolutionNode = FALSE
	EndGlobalSection
	GlobalSection(ExtensibilityGlobals) = postSolution
		SolutionGuid = {CA6B6BCD-21FE-4A2C-9904-5CA4CD41D39B}
	EndGlobalSection
EndGlobal
